
Microsoft Visual Studio Solution File, Format Version 12.00
# Visual Studio Version 17
VisualStudioVersion = 17.5.002.0
MinimumVisualStudioVersion = 10.0.40219.1
Project("{9A19103F-16F7-4668-BE54-9A1E7A4F7556}") = "tt_utazasi_ugynokseg", "tt_utazasi_ugynokseg.csproj", "{84C440C5-2C8B-47C4-A3DE-D8069F1217FB}"
EndProject
Global
	GlobalSection(SolutionConfigurationPlatforms) = preSolution
		Debug|Any CPU = Debug|Any CPU
		Release|Any CPU = Release|Any CPU
	EndGlobalSection
	GlobalSection(ProjectConfigurationPlatforms) = postSolution
		{84C440C5-2C8B-47C4-A3DE-D8069F1217FB}.Debug|Any CPU.ActiveCfg = Debug|Any CPU
		{84C440C5-2C8B-47C4-A3DE-D8069F1217FB}.Debug|Any CPU.Build.0 = Debug|Any CPU
		{84C440C5-2C8B-47C4-A3DE-D8069F1217FB}.Release|Any CPU.ActiveCfg = Release|Any CPU
		{84C440C5-2C8B-47C4-A3DE-D8069F1217FB}.Release|Any CPU.Build.0 = Release|Any CPU
	EndGlobalSection
	GlobalSection(SolutionProperties) = preSolution
		HideSolutionNode = FALSE
	EndGlobalSection
	GlobalSection(ExtensibilityGlobals) = postSolution
		SolutionGuid = {9B844D54-BE9E-4CF8-A1B8-BB3585DF5504}
	EndGlobalSection
EndGlobal
